// !$*UTF8*$!
{
	archiveVersion = 1;
	classes = {
	};
	objectVersion = 46;
	objects = {

/* Begin PBXBuildFile section */
		5E06B0581C9C2688000C381C /* AppDelegate.swift in Sources */ = {isa = PBXBuildFile; fileRef = 5E06B0571C9C2688000C381C /* AppDelegate.swift */; };
		5E06B05D1C9C2688000C381C /* Main.storyboard in Resources */ = {isa = PBXBuildFile; fileRef = 5E06B05B1C9C2688000C381C /* Main.storyboard */; };
		5E06B0601C9C2688000C381C /* HealthifyMeDashboard.xcdatamodeld in Sources */ = {isa = PBXBuildFile; fileRef = 5E06B05E1C9C2688000C381C /* HealthifyMeDashboard.xcdatamodeld */; };
		5E06B0621C9C2688000C381C /* Assets.xcassets in Resources */ = {isa = PBXBuildFile; fileRef = 5E06B0611C9C2688000C381C /* Assets.xcassets */; };
		5E06B0651C9C2688000C381C /* LaunchScreen.storyboard in Resources */ = {isa = PBXBuildFile; fileRef = 5E06B0631C9C2688000C381C /* LaunchScreen.storyboard */; };
		5E06B0701C9C2688000C381C /* HealthifyMeDashboardTests.swift in Sources */ = {isa = PBXBuildFile; fileRef = 5E06B06F1C9C2688000C381C /* HealthifyMeDashboardTests.swift */; };
		5E06B07B1C9C2688000C381C /* HealthifyMeDashboardUITests.swift in Sources */ = {isa = PBXBuildFile; fileRef = 5E06B07A1C9C2688000C381C /* HealthifyMeDashboardUITests.swift */; };
		5E06B0891C9C27F3000C381C /* DashboardTableViewController.swift in Sources */ = {isa = PBXBuildFile; fileRef = 5E06B0881C9C27F3000C381C /* DashboardTableViewController.swift */; };
		5E96070D1C9E699400D5E3E4 /* CaloriesEatenTableViewCell.swift in Sources */ = {isa = PBXBuildFile; fileRef = 5E96070C1C9E699400D5E3E4 /* CaloriesEatenTableViewCell.swift */; };
		5E96070F1C9E69F700D5E3E4 /* CaloriesEatenTableViewCell.xib in Resources */ = {isa = PBXBuildFile; fileRef = 5E96070E1C9E69F700D5E3E4 /* CaloriesEatenTableViewCell.xib */; };
		5E9607281C9EA58300D5E3E4 /* CalEatenDisplayView1.swift in Sources */ = {isa = PBXBuildFile; fileRef = 5E9607241C9EA58300D5E3E4 /* CalEatenDisplayView1.swift */; };
		5E9607291C9EA58300D5E3E4 /* CalEatenDisplayView1.xib in Resources */ = {isa = PBXBuildFile; fileRef = 5E9607251C9EA58300D5E3E4 /* CalEatenDisplayView1.xib */; };
		5E96072A1C9EA58300D5E3E4 /* CalEatenDisplayView2.swift in Sources */ = {isa = PBXBuildFile; fileRef = 5E9607261C9EA58300D5E3E4 /* CalEatenDisplayView2.swift */; };
		5E96072B1C9EA58300D5E3E4 /* CalEatenDisplayView2.xib in Resources */ = {isa = PBXBuildFile; fileRef = 5E9607271C9EA58300D5E3E4 /* CalEatenDisplayView2.xib */; };
		5E96072D1C9EEB9A00D5E3E4 /* UpDownButton.swift in Sources */ = {isa = PBXBuildFile; fileRef = 5E96072C1C9EEB9A00D5E3E4 /* UpDownButton.swift */; };
		5E96072F1C9EEFC800D5E3E4 /* RadialProgressView.swift in Sources */ = {isa = PBXBuildFile; fileRef = 5E96072E1C9EEFC800D5E3E4 /* RadialProgressView.swift */; };
/* End PBXBuildFile section */

/* Begin PBXContainerItemProxy section */
		5E06B06C1C9C2688000C381C /* PBXContainerItemProxy */ = {
			isa = PBXContainerItemProxy;
			containerPortal = 5E06B04C1C9C2688000C381C /* Project object */;
			proxyType = 1;
			remoteGlobalIDString = 5E06B0531C9C2688000C381C;
			remoteInfo = HealthifyMeDashboard;
		};
		5E06B0771C9C2688000C381C /* PBXContainerItemProxy */ = {
			isa = PBXContainerItemProxy;
			containerPortal = 5E06B04C1C9C2688000C381C /* Project object */;
			proxyType = 1;
			remoteGlobalIDString = 5E06B0531C9C2688000C381C;
			remoteInfo = HealthifyMeDashboard;
		};
/* End PBXContainerItemProxy section */

/* Begin PBXFileReference section */
		5E06B0541C9C2688000C381C /* HealthifyMeDashboard.app */ = {isa = PBXFileReference; explicitFileType = wrapper.application; includeInIndex = 0; path = HealthifyMeDashboard.app; sourceTree = BUILT_PRODUCTS_DIR; };
		5E06B0571C9C2688000C381C /* AppDelegate.swift */ = {isa = PBXFileReference; lastKnownFileType = sourcecode.swift; path = AppDelegate.swift; sourceTree = "<group>"; };
		5E06B05C1C9C2688000C381C /* Base */ = {isa = PBXFileReference; lastKnownFileType = file.storyboard; name = Base; path = Base.lproj/Main.storyboard; sourceTree = "<group>"; };
		5E06B05F1C9C2688000C381C /* HealthifyMeDashboard.xcdatamodel */ = {isa = PBXFileReference; lastKnownFileType = wrapper.xcdatamodel; path = HealthifyMeDashboard.xcdatamodel; sourceTree = "<group>"; };
		5E06B0611C9C2688000C381C /* Assets.xcassets */ = {isa = PBXFileReference; lastKnownFileType = folder.assetcatalog; path = Assets.xcassets; sourceTree = "<group>"; };
		5E06B0641C9C2688000C381C /* Base */ = {isa = PBXFileReference; lastKnownFileType = file.storyboard; name = Base; path = Base.lproj/LaunchScreen.storyboard; sourceTree = "<group>"; };
		5E06B0661C9C2688000C381C /* Info.plist */ = {isa = PBXFileReference; lastKnownFileType = text.plist.xml; path = Info.plist; sourceTree = "<group>"; };
		5E06B06B1C9C2688000C381C /* HealthifyMeDashboardTests.xctest */ = {isa = PBXFileReference; explicitFileType = wrapper.cfbundle; includeInIndex = 0; path = HealthifyMeDashboardTests.xctest; sourceTree = BUILT_PRODUCTS_DIR; };
		5E06B06F1C9C2688000C381C /* HealthifyMeDashboardTests.swift */ = {isa = PBXFileReference; lastKnownFileType = sourcecode.swift; path = HealthifyMeDashboardTests.swift; sourceTree = "<group>"; };
		5E06B0711C9C2688000C381C /* Info.plist */ = {isa = PBXFileReference; lastKnownFileType = text.plist.xml; path = Info.plist; sourceTree = "<group>"; };
		5E06B0761C9C2688000C381C /* HealthifyMeDashboardUITests.xctest */ = {isa = PBXFileReference; explicitFileType = wrapper.cfbundle; includeInIndex = 0; path = HealthifyMeDashboardUITests.xctest; sourceTree = BUILT_PRODUCTS_DIR; };
		5E06B07A1C9C2688000C381C /* HealthifyMeDashboardUITests.swift */ = {isa = PBXFileReference; lastKnownFileType = sourcecode.swift; path = HealthifyMeDashboardUITests.swift; sourceTree = "<group>"; };
		5E06B07C1C9C2688000C381C /* Info.plist */ = {isa = PBXFileReference; lastKnownFileType = text.plist.xml; path = Info.plist; sourceTree = "<group>"; };
		5E06B0881C9C27F3000C381C /* DashboardTableViewController.swift */ = {isa = PBXFileReference; fileEncoding = 4; lastKnownFileType = sourcecode.swift; path = DashboardTableViewController.swift; sourceTree = "<group>"; };
		5E96070C1C9E699400D5E3E4 /* CaloriesEatenTableViewCell.swift */ = {isa = PBXFileReference; fileEncoding = 4; lastKnownFileType = sourcecode.swift; path = CaloriesEatenTableViewCell.swift; sourceTree = "<group>"; };
		5E96070E1C9E69F700D5E3E4 /* CaloriesEatenTableViewCell.xib */ = {isa = PBXFileReference; fileEncoding = 4; lastKnownFileType = file.xib; path = CaloriesEatenTableViewCell.xib; sourceTree = "<group>"; };
		5E9607241C9EA58300D5E3E4 /* CalEatenDisplayView1.swift */ = {isa = PBXFileReference; fileEncoding = 4; lastKnownFileType = sourcecode.swift; path = CalEatenDisplayView1.swift; sourceTree = "<group>"; };
		5E9607251C9EA58300D5E3E4 /* CalEatenDisplayView1.xib */ = {isa = PBXFileReference; fileEncoding = 4; lastKnownFileType = file.xib; path = CalEatenDisplayView1.xib; sourceTree = "<group>"; };
		5E9607261C9EA58300D5E3E4 /* CalEatenDisplayView2.swift */ = {isa = PBXFileReference; fileEncoding = 4; lastKnownFileType = sourcecode.swift; path = CalEatenDisplayView2.swift; sourceTree = "<group>"; };
		5E9607271C9EA58300D5E3E4 /* CalEatenDisplayView2.xib */ = {isa = PBXFileReference; fileEncoding = 4; lastKnownFileType = file.xib; path = CalEatenDisplayView2.xib; sourceTree = "<group>"; };
		5E96072C1C9EEB9A00D5E3E4 /* UpDownButton.swift */ = {isa = PBXFileReference; fileEncoding = 4; lastKnownFileType = sourcecode.swift; path = UpDownButton.swift; sourceTree = "<group>"; };
		5E96072E1C9EEFC800D5E3E4 /* RadialProgressView.swift */ = {isa = PBXFileReference; fileEncoding = 4; lastKnownFileType = sourcecode.swift; path = RadialProgressView.swift; sourceTree = "<group>"; };
/* End PBXFileReference section */

/* Begin PBXFrameworksBuildPhase section */
		5E06B0511C9C2688000C381C /* Frameworks */ = {
			isa = PBXFrameworksBuildPhase;
			buildActionMask = 2147483647;
			files = (
			);
			runOnlyForDeploymentPostprocessing = 0;
		};
		5E06B0681C9C2688000C381C /* Frameworks */ = {
			isa = PBXFrameworksBuildPhase;
			buildActionMask = 2147483647;
			files = (
			);
			runOnlyForDeploymentPostprocessing = 0;
		};
		5E06B0731C9C2688000C381C /* Frameworks */ = {
			isa = PBXFrameworksBuildPhase;
			buildActionMask = 2147483647;
			files = (
			);
			runOnlyForDeploymentPostprocessing = 0;
		};
/* End PBXFrameworksBuildPhase section */

/* Begin PBXGroup section */
		5E06B04B1C9C2688000C381C = {
			isa = PBXGroup;
			children = (
				5E06B0561C9C2688000C381C /* HealthifyMeDashboard */,
				5E06B06E1C9C2688000C381C /* HealthifyMeDashboardTests */,
				5E06B0791C9C2688000C381C /* HealthifyMeDashboardUITests */,
				5E06B0551C9C2688000C381C /* Products */,
			);
			sourceTree = "<group>";
		};
		5E06B0551C9C2688000C381C /* Products */ = {
			isa = PBXGroup;
			children = (
				5E06B0541C9C2688000C381C /* HealthifyMeDashboard.app */,
				5E06B06B1C9C2688000C381C /* HealthifyMeDashboardTests.xctest */,
				5E06B0761C9C2688000C381C /* HealthifyMeDashboardUITests.xctest */,
			);
			name = Products;
			sourceTree = "<group>";
		};
		5E06B0561C9C2688000C381C /* HealthifyMeDashboard */ = {
			isa = PBXGroup;
			children = (
				5E06B0571C9C2688000C381C /* AppDelegate.swift */,
				5E06B05B1C9C2688000C381C /* Main.storyboard */,
				5E06B0631C9C2688000C381C /* LaunchScreen.storyboard */,
				5E06B0611C9C2688000C381C /* Assets.xcassets */,
				5E06B0661C9C2688000C381C /* Info.plist */,
				5E06B05E1C9C2688000C381C /* HealthifyMeDashboard.xcdatamodeld */,
				5E9607351C9F188B00D5E3E4 /* ViewController */,
				5E9607341C9F186400D5E3E4 /* UIView */,
				5E9607361C9F18A500D5E3E4 /* Cell */,
				5E9607371C9F18C100D5E3E4 /* Utilities */,
			);
			path = HealthifyMeDashboard;
			sourceTree = "<group>";
		};
		5E06B06E1C9C2688000C381C /* HealthifyMeDashboardTests */ = {
			isa = PBXGroup;
			children = (
				5E06B06F1C9C2688000C381C /* HealthifyMeDashboardTests.swift */,
				5E06B0711C9C2688000C381C /* Info.plist */,
			);
			path = HealthifyMeDashboardTests;
			sourceTree = "<group>";
		};
		5E06B0791C9C2688000C381C /* HealthifyMeDashboardUITests */ = {
			isa = PBXGroup;
			children = (
				5E06B07A1C9C2688000C381C /* HealthifyMeDashboardUITests.swift */,
				5E06B07C1C9C2688000C381C /* Info.plist */,
			);
			path = HealthifyMeDashboardUITests;
			sourceTree = "<group>";
		};
		5E9607341C9F186400D5E3E4 /* UIView */ = {
			isa = PBXGroup;
			children = (
				5E9607241C9EA58300D5E3E4 /* CalEatenDisplayView1.swift */,
				5E9607251C9EA58300D5E3E4 /* CalEatenDisplayView1.xib */,
				5E9607261C9EA58300D5E3E4 /* CalEatenDisplayView2.swift */,
				5E9607271C9EA58300D5E3E4 /* CalEatenDisplayView2.xib */,
			);
			name = UIView;
			sourceTree = "<group>";
		};
		5E9607351C9F188B00D5E3E4 /* ViewController */ = {
			isa = PBXGroup;
			children = (
				5E06B0881C9C27F3000C381C /* DashboardTableViewController.swift */,
			);
			name = ViewController;
			sourceTree = "<group>";
		};
		5E9607361C9F18A500D5E3E4 /* Cell */ = {
			isa = PBXGroup;
			children = (
				5E96070C1C9E699400D5E3E4 /* CaloriesEatenTableViewCell.swift */,
				5E96070E1C9E69F700D5E3E4 /* CaloriesEatenTableViewCell.xib */,
			);
			name = Cell;
			sourceTree = "<group>";
		};
		5E9607371C9F18C100D5E3E4 /* Utilities */ = {
			isa = PBXGroup;
			children = (
				5E96072C1C9EEB9A00D5E3E4 /* UpDownButton.swift */,
				5E96072E1C9EEFC800D5E3E4 /* RadialProgressView.swift */,
			);
			name = Utilities;
			sourceTree = "<group>";
		};
/* End PBXGroup section */

/* Begin PBXNativeTarget section */
		5E06B0531C9C2688000C381C /* HealthifyMeDashboard */ = {
			isa = PBXNativeTarget;
			buildConfigurationList = 5E06B07F1C9C2688000C381C /* Build configuration list for PBXNativeTarget "HealthifyMeDashboard" */;
			buildPhases = (
				5E06B0501C9C2688000C381C /* Sources */,
				5E06B0511C9C2688000C381C /* Frameworks */,
				5E06B0521C9C2688000C381C /* Resources */,
			);
			buildRules = (
			);
			dependencies = (
			);
			name = HealthifyMeDashboard;
			productName = HealthifyMeDashboard;
			productReference = 5E06B0541C9C2688000C381C /* HealthifyMeDashboard.app */;
			productType = "com.apple.product-type.application";
		};
		5E06B06A1C9C2688000C381C /* HealthifyMeDashboardTests */ = {
			isa = PBXNativeTarget;
			buildConfigurationList = 5E06B0821C9C2688000C381C /* Build configuration list for PBXNativeTarget "HealthifyMeDashboardTests" */;
			buildPhases = (
				5E06B0671C9C2688000C381C /* Sources */,
				5E06B0681C9C2688000C381C /* Frameworks */,
				5E06B0691C9C2688000C381C /* Resources */,
			);
			buildRules = (
			);
			dependencies = (
				5E06B06D1C9C2688000C381C /* PBXTargetDependency */,
			);
			name = HealthifyMeDashboardTests;
			productName = HealthifyMeDashboardTests;
			productReference = 5E06B06B1C9C2688000C381C /* HealthifyMeDashboardTests.xctest */;
			productType = "com.apple.product-type.bundle.unit-test";
		};
		5E06B0751C9C2688000C381C /* HealthifyMeDashboardUITests */ = {
			isa = PBXNativeTarget;
			buildConfigurationList = 5E06B0851C9C2688000C381C /* Build configuration list for PBXNativeTarget "HealthifyMeDashboardUITests" */;
			buildPhases = (
				5E06B0721C9C2688000C381C /* Sources */,
				5E06B0731C9C2688000C381C /* Frameworks */,
				5E06B0741C9C2688000C381C /* Resources */,
			);
			buildRules = (
			);
			dependencies = (
				5E06B0781C9C2688000C381C /* PBXTargetDependency */,
			);
			name = HealthifyMeDashboardUITests;
			productName = HealthifyMeDashboardUITests;
			productReference = 5E06B0761C9C2688000C381C /* HealthifyMeDashboardUITests.xctest */;
			productType = "com.apple.product-type.bundle.ui-testing";
		};
/* End PBXNativeTarget section */

/* Begin PBXProject section */
		5E06B04C1C9C2688000C381C /* Project object */ = {
			isa = PBXProject;
			attributes = {
				LastSwiftUpdateCheck = 0720;
				LastUpgradeCheck = 0720;
				ORGANIZATIONNAME = "Dhwani Thaker";
				TargetAttributes = {
					5E06B0531C9C2688000C381C = {
						CreatedOnToolsVersion = 7.2.1;
						DevelopmentTeam = URP2P6T93Y;
					};
					5E06B06A1C9C2688000C381C = {
						CreatedOnToolsVersion = 7.2.1;
						DevelopmentTeam = URP2P6T93Y;
						TestTargetID = 5E06B0531C9C2688000C381C;
					};
					5E06B0751C9C2688000C381C = {
						CreatedOnToolsVersion = 7.2.1;
						DevelopmentTeam = URP2P6T93Y;
						TestTargetID = 5E06B0531C9C2688000C381C;
					};
				};
			};
			buildConfigurationList = 5E06B04F1C9C2688000C381C /* Build configuration list for PBXProject "HealthifyMeDashboard" */;
			compatibilityVersion = "Xcode 3.2";
			developmentRegion = English;
			hasScannedForEncodings = 0;
			knownRegions = (
				en,
				Base,
			);
			mainGroup = 5E06B04B1C9C2688000C381C;
			productRefGroup = 5E06B0551C9C2688000C381C /* Products */;
			projectDirPath = "";
			projectRoot = "";
			targets = (
				5E06B0531C9C2688000C381C /* HealthifyMeDashboard */,
				5E06B06A1C9C2688000C381C /* HealthifyMeDashboardTests */,
				5E06B0751C9C2688000C381C /* HealthifyMeDashboardUITests */,
			);
		};
/* End PBXProject section */

/* Begin PBXResourcesBuildPhase section */
		5E06B0521C9C2688000C381C /* Resources */ = {
			isa = PBXResourcesBuildPhase;
			buildActionMask = 2147483647;
			files = (
				5E06B0651C9C2688000C381C /* LaunchScreen.storyboard in Resources */,
				5E96072B1C9EA58300D5E3E4 /* CalEatenDisplayView2.xib in Resources */,
				5E9607291C9EA58300D5E3E4 /* CalEatenDisplayView1.xib in Resources */,
				5E96070F1C9E69F700D5E3E4 /* CaloriesEatenTableViewCell.xib in Resources */,
				5E06B0621C9C2688000C381C /* Assets.xcassets in Resources */,
				5E06B05D1C9C2688000C381C /* Main.storyboard in Resources */,
			);
			runOnlyForDeploymentPostprocessing = 0;
		};
		5E06B0691C9C2688000C381C /* Resources */ = {
			isa = PBXResourcesBuildPhase;
			buildActionMask = 2147483647;
			files = (
			);
			runOnlyForDeploymentPostprocessing = 0;
		};
		5E06B0741C9C2688000C381C /* Resources */ = {
			isa = PBXResourcesBuildPhase;
			buildActionMask = 2147483647;
			files = (
			);
			runOnlyForDeploymentPostprocessing = 0;
		};
/* End PBXResourcesBuildPhase section */

/* Begin PBXSourcesBuildPhase section */
		5E06B0501C9C2688000C381C /* Sources */ = {
			isa = PBXSourcesBuildPhase;
			buildActionMask = 2147483647;
			files = (
				5E96072F1C9EEFC800D5E3E4 /* RadialProgressView.swift in Sources */,
				5E9607281C9EA58300D5E3E4 /* CalEatenDisplayView1.swift in Sources */,
				5E06B0891C9C27F3000C381C /* DashboardTableViewController.swift in Sources */,
				5E06B0601C9C2688000C381C /* HealthifyMeDashboard.xcdatamodeld in Sources */,
				5E96072A1C9EA58300D5E3E4 /* CalEatenDisplayView2.swift in Sources */,
				5E96070D1C9E699400D5E3E4 /* CaloriesEatenTableViewCell.swift in Sources */,
				5E06B0581C9C2688000C381C /* AppDelegate.swift in Sources */,
				5E96072D1C9EEB9A00D5E3E4 /* UpDownButton.swift in Sources */,
			);
			runOnlyForDeploymentPostprocessing = 0;
		};
		5E06B0671C9C2688000C381C /* Sources */ = {
			isa = PBXSourcesBuildPhase;
			buildActionMask = 2147483647;
			files = (
				5E06B0701C9C2688000C381C /* HealthifyMeDashboardTests.swift in Sources */,
			);
			runOnlyForDeploymentPostprocessing = 0;
		};
		5E06B0721C9C2688000C381C /* Sources */ = {
			isa = PBXSourcesBuildPhase;
			buildActionMask = 2147483647;
			files = (
				5E06B07B1C9C2688000C381C /* HealthifyMeDashboardUITests.swift in Sources */,
			);
			runOnlyForDeploymentPostprocessing = 0;
		};
/* End PBXSourcesBuildPhase section */

/* Begin PBXTargetDependency section */
		5E06B06D1C9C2688000C381C /* PBXTargetDependency */ = {
			isa = PBXTargetDependency;
			target = 5E06B0531C9C2688000C381C /* HealthifyMeDashboard */;
			targetProxy = 5E06B06C1C9C2688000C381C /* PBXContainerItemProxy */;
		};
		5E06B0781C9C2688000C381C /* PBXTargetDependency */ = {
			isa = PBXTargetDependency;
			target = 5E06B0531C9C2688000C381C /* HealthifyMeDashboard */;
			targetProxy = 5E06B0771C9C2688000C381C /* PBXContainerItemProxy */;
		};
/* End PBXTargetDependency section */

/* Begin PBXVariantGroup section */
		5E06B05B1C9C2688000C381C /* Main.storyboard */ = {
			isa = PBXVariantGroup;
			children = (
				5E06B05C1C9C2688000C381C /* Base */,
			);
			name = Main.storyboard;
			sourceTree = "<group>";
		};
		5E06B0631C9C2688000C381C /* LaunchScreen.storyboard */ = {
			isa = PBXVariantGroup;
			children = (
				5E06B0641C9C2688000C381C /* Base */,
			);
			name = LaunchScreen.storyboard;
			sourceTree = "<group>";
		};
/* End PBXVariantGroup section */

/* Begin XCBuildConfiguration section */
		5E06B07D1C9C2688000C381C /* Debug */ = {
			isa = XCBuildConfiguration;
			buildSettings = {
				ALWAYS_SEARCH_USER_PATHS = NO;
				CLANG_CXX_LANGUAGE_STANDARD = "gnu++0x";
				CLANG_CXX_LIBRARY = "libc++";
				CLANG_ENABLE_MODULES = YES;
				CLANG_ENABLE_OBJC_ARC = YES;
				CLANG_WARN_BOOL_CONVERSION = YES;
				CLANG_WARN_CONSTANT_CONVERSION = YES;
				CLANG_WARN_DIRECT_OBJC_ISA_USAGE = YES_ERROR;
				CLANG_WARN_EMPTY_BODY = YES;
				CLANG_WARN_ENUM_CONVERSION = YES;
				CLANG_WARN_INT_CONVERSION = YES;
				CLANG_WARN_OBJC_ROOT_CLASS = YES_ERROR;
				CLANG_WARN_UNREACHABLE_CODE = YES;
				CLANG_WARN__DUPLICATE_METHOD_MATCH = YES;
				"CODE_SIGN_IDENTITY[sdk=iphoneos*]" = "iPhone Developer";
				COPY_PHASE_STRIP = NO;
				DEBUG_INFORMATION_FORMAT = dwarf;
				ENABLE_STRICT_OBJC_MSGSEND = YES;
				ENABLE_TESTABILITY = YES;
				GCC_C_LANGUAGE_STANDARD = gnu99;
				GCC_DYNAMIC_NO_PIC = NO;
				GCC_NO_COMMON_BLOCKS = YES;
				GCC_OPTIMIZATION_LEVEL = 0;
				GCC_PREPROCESSOR_DEFINITIONS = (
					"DEBUG=1",
					"$(inherited)",
				);
				GCC_WARN_64_TO_32_BIT_CONVERSION = YES;
				GCC_WARN_ABOUT_RETURN_TYPE = YES_ERROR;
				GCC_WARN_UNDECLARED_SELECTOR = YES;
				GCC_WARN_UNINITIALIZED_AUTOS = YES_AGGRESSIVE;
				GCC_WARN_UNUSED_FUNCTION = YES;
				GCC_WARN_UNUSED_VARIABLE = YES;
				IPHONEOS_DEPLOYMENT_TARGET = 9.1;
				MTL_ENABLE_DEBUG_INFO = YES;
				ONLY_ACTIVE_ARCH = YES;
				SDKROOT = iphoneos;
				SWIFT_OPTIMIZATION_LEVEL = "-Onone";
				TARGETED_DEVICE_FAMILY = "1,2";
			};
			name = Debug;
		};
		5E06B07E1C9C2688000C381C /* Release */ = {
			isa = XCBuildConfiguration;
			buildSettings = {
				ALWAYS_SEARCH_USER_PATHS = NO;
				CLANG_CXX_LANGUAGE_STANDARD = "gnu++0x";
				CLANG_CXX_LIBRARY = "libc++";
				CLANG_ENABLE_MODULES = YES;
				CLANG_ENABLE_OBJC_ARC = YES;
				CLANG_WARN_BOOL_CONVERSION = YES;
				CLANG_WARN_CONSTANT_CONVERSION = YES;
				CLANG_WARN_DIRECT_OBJC_ISA_USAGE = YES_ERROR;
				CLANG_WARN_EMPTY_BODY = YES;
				CLANG_WARN_ENUM_CONVERSION = YES;
				CLANG_WARN_INT_CONVERSION = YES;
				CLANG_WARN_OBJC_ROOT_CLASS = YES_ERROR;
				CLANG_WARN_UNREACHABLE_CODE = YES;
				CLANG_WARN__DUPLICATE_METHOD_MATCH = YES;
				"CODE_SIGN_IDENTITY[sdk=iphoneos*]" = "iPhone Developer";
				COPY_PHASE_STRIP = NO;
				DEBUG_INFORMATION_FORMAT = "dwarf-with-dsym";
				ENABLE_NS_ASSERTIONS = NO;
				ENABLE_STRICT_OBJC_MSGSEND = YES;
				GCC_C_LANGUAGE_STANDARD = gnu99;
				GCC_NO_COMMON_BLOCKS = YES;
				GCC_WARN_64_TO_32_BIT_CONVERSION = YES;
				GCC_WARN_ABOUT_RETURN_TYPE = YES_ERROR;
				GCC_WARN_UNDECLARED_SELECTOR = YES;
				GCC_WARN_UNINITIALIZED_AUTOS = YES_AGGRESSIVE;
				GCC_WARN_UNUSED_FUNCTION = YES;
				GCC_WARN_UNUSED_VARIABLE = YES;
				IPHONEOS_DEPLOYMENT_TARGET = 9.1;
				MTL_ENABLE_DEBUG_INFO = NO;
				SDKROOT = iphoneos;
				TARGETED_DEVICE_FAMILY = "1,2";
				VALIDATE_PRODUCT = YES;
			};
			name = Release;
		};
		5E06B0801C9C2688000C381C /* Debug */ = {
			isa = XCBuildConfiguration;
			buildSettings = {
				ASSETCATALOG_COMPILER_APPICON_NAME = AppIcon;
				INFOPLIST_FILE = HealthifyMeDashboard/Info.plist;
				LD_RUNPATH_SEARCH_PATHS = "$(inherited) @executable_path/Frameworks";
				PRODUCT_BUNDLE_IDENTIFIER = dhwani.test.HealthifyMeDashboard;
				PRODUCT_NAME = "$(TARGET_NAME)";
			};
			name = Debug;
		};
		5E06B0811C9C2688000C381C /* Release */ = {
			isa = XCBuildConfiguration;
			buildSettings = {
				ASSETCATALOG_COMPILER_APPICON_NAME = AppIcon;
				INFOPLIST_FILE = HealthifyMeDashboard/Info.plist;
				LD_RUNPATH_SEARCH_PATHS = "$(inherited) @executable_path/Frameworks";
				PRODUCT_BUNDLE_IDENTIFIER = dhwani.test.HealthifyMeDashboard;
				PRODUCT_NAME = "$(TARGET_NAME)";
			};
			name = Release;
		};
		5E06B0831C9C2688000C381C /* Debug */ = {
			isa = XCBuildConfiguration;
			buildSettings = {
				BUNDLE_LOADER = "$(TEST_HOST)";
				INFOPLIST_FILE = HealthifyMeDashboardTests/Info.plist;
				LD_RUNPATH_SEARCH_PATHS = "$(inherited) @executable_path/Frameworks @loader_path/Frameworks";
				PRODUCT_BUNDLE_IDENTIFIER = dhwani.test.HealthifyMeDashboardTests;
				PRODUCT_NAME = "$(TARGET_NAME)";
				TEST_HOST = "$(BUILT_PRODUCTS_DIR)/HealthifyMeDashboard.app/HealthifyMeDashboard";
			};
			name = Debug;
		};
		5E06B0841C9C2688000C381C /* Release */ = {
			isa = XCBuildConfiguration;
			buildSettings = {
				BUNDLE_LOADER = "$(TEST_HOST)";
				INFOPLIST_FILE = HealthifyMeDashboardTests/Info.plist;
				LD_RUNPATH_SEARCH_PATHS = "$(inherited) @executable_path/Frameworks @loader_path/Frameworks";
				PRODUCT_BUNDLE_IDENTIFIER = dhwani.test.HealthifyMeDashboardTests;
				PRODUCT_NAME = "$(TARGET_NAME)";
				TEST_HOST = "$(BUILT_PRODUCTS_DIR)/HealthifyMeDashboard.app/HealthifyMeDashboard";
			};
			name = Release;
		};
		5E06B0861C9C2688000C381C /* Debug */ = {
			isa = XCBuildConfiguration;
			buildSettings = {
				INFOPLIST_FILE = HealthifyMeDashboardUITests/Info.plist;
				LD_RUNPATH_SEARCH_PATHS = "$(inherited) @executable_path/Frameworks @loader_path/Frameworks";
				PRODUCT_BUNDLE_IDENTIFIER = dhwani.test.HealthifyMeDashboardUITests;
				PRODUCT_NAME = "$(TARGET_NAME)";
				TEST_TARGET_NAME = HealthifyMeDashboard;
				USES_XCTRUNNER = YES;
			};
			name = Debug;
		};
		5E06B0871C9C2688000C381C /* Release */ = {
			isa = XCBuildConfiguration;
			buildSettings = {
				INFOPLIST_FILE = HealthifyMeDashboardUITests/Info.plist;
				LD_RUNPATH_SEARCH_PATHS = "$(inherited) @executable_path/Frameworks @loader_path/Frameworks";
				PRODUCT_BUNDLE_IDENTIFIER = dhwani.test.HealthifyMeDashboardUITests;
				PRODUCT_NAME = "$(TARGET_NAME)";
				TEST_TARGET_NAME = HealthifyMeDashboard;
				USES_XCTRUNNER = YES;
			};
			name = Release;
		};
/* End XCBuildConfiguration section */

/* Begin XCConfigurationList section */
		5E06B04F1C9C2688000C381C /* Build configuration list for PBXProject "HealthifyMeDashboard" */ = {
			isa = XCConfigurationList;
			buildConfigurations = (
				5E06B07D1C9C2688000C381C /* Debug */,
				5E06B07E1C9C2688000C381C /* Release */,
			);
			defaultConfigurationIsVisible = 0;
			defaultConfigurationName = Release;
		};
		5E06B07F1C9C2688000C381C /* Build configuration list for PBXNativeTarget "HealthifyMeDashboard" */ = {
			isa = XCConfigurationList;
			buildConfigurations = (
				5E06B0801C9C2688000C381C /* Debug */,
				5E06B0811C9C2688000C381C /* Release */,
			);
			defaultConfigurationIsVisible = 0;
			defaultConfigurationName = Release;
		};
		5E06B0821C9C2688000C381C /* Build configuration list for PBXNativeTarget "HealthifyMeDashboardTests" */ = {
			isa = XCConfigurationList;
			buildConfigurations = (
				5E06B0831C9C2688000C381C /* Debug */,
				5E06B0841C9C2688000C381C /* Release */,
			);
			defaultConfigurationIsVisible = 0;
			defaultConfigurationName = Release;
		};
		5E06B0851C9C2688000C381C /* Build configuration list for PBXNativeTarget "HealthifyMeDashboardUITests" */ = {
			isa = XCConfigurationList;
			buildConfigurations = (
				5E06B0861C9C2688000C381C /* Debug */,
				5E06B0871C9C2688000C381C /* Release */,
			);
			defaultConfigurationIsVisible = 0;
			defaultConfigurationName = Release;
		};
/* End XCConfigurationList section */

/* Begin XCVersionGroup section */
		5E06B05E1C9C2688000C381C /* HealthifyMeDashboard.xcdatamodeld */ = {
			isa = XCVersionGroup;
			children = (
				5E06B05F1C9C2688000C381C /* HealthifyMeDashboard.xcdatamodel */,
			);
			currentVersion = 5E06B05F1C9C2688000C381C /* HealthifyMeDashboard.xcdatamodel */;
			path = HealthifyMeDashboard.xcdatamodeld;
			sourceTree = "<group>";
			versionGroupType = wrapper.xcdatamodel;
		};
/* End XCVersionGroup section */
	};
	rootObject = 5E06B04C1C9C2688000C381C /* Project object */;
}
